
Microsoft Visual Studio Solution File, Format Version 12.00
# Visual Studio Version 17
VisualStudioVersion = 17.9.34622.214
MinimumVisualStudioVersion = 10.0.40219.1
Project("{FAE04EC0-301F-11D3-BF4B-00C04F79EFBC}") = "Laboratorio04", "Laboratorio04\Laboratorio04.csproj", "{90DF565A-78DA-4BDA-861B-6DFFD0C4B4B0}"
EndProject
Global
	GlobalSection(SolutionConfigurationPlatforms) = preSolution
		Debug|Any CPU = Debug|Any CPU
		Release|Any CPU = Release|Any CPU
	EndGlobalSection
	GlobalSection(ProjectConfigurationPlatforms) = postSolution
		{90DF565A-78DA-4BDA-861B-6DFFD0C4B4B0}.Debug|Any CPU.ActiveCfg = Debug|Any CPU
		{90DF565A-78DA-4BDA-861B-6DFFD0C4B4B0}.Debug|Any CPU.Build.0 = Debug|Any CPU
		{90DF565A-78DA-4BDA-861B-6DFFD0C4B4B0}.Release|Any CPU.ActiveCfg = Release|Any CPU
		{90DF565A-78DA-4BDA-861B-6DFFD0C4B4B0}.Release|Any CPU.Build.0 = Release|Any CPU
	EndGlobalSection
	GlobalSection(SolutionProperties) = preSolution
		HideSolutionNode = FALSE
	EndGlobalSection
	GlobalSection(ExtensibilityGlobals) = postSolution
		SolutionGuid = {A9D77F03-0E7B-40CE-AB7B-AB577F5055B2}
	EndGlobalSection
EndGlobal
